
Microsoft Visual Studio Solution File, Format Version 12.00
# Visual Studio Version 17
VisualStudioVersion = 17.1.32421.90
MinimumVisualStudioVersion = 10.0.40219.1
Project("{FAE04EC0-301F-11D3-BF4B-00C04F79EFBC}") = "FileHandleDemo", "FileHandleDemo.csproj", "{A7056B49-3B08-45E3-87E0-635827CAD72C}"
EndProject
Global
	GlobalSection(SolutionConfigurationPlatforms) = preSolution
		Debug|Any CPU = Debug|Any CPU
		Release|Any CPU = Release|Any CPU
	EndGlobalSection
	GlobalSection(ProjectConfigurationPlatforms) = postSolution
		{A7056B49-3B08-45E3-87E0-635827CAD72C}.Debug|Any CPU.ActiveCfg = Debug|Any CPU
		{A7056B49-3B08-45E3-87E0-635827CAD72C}.Debug|Any CPU.Build.0 = Debug|Any CPU
		{A7056B49-3B08-45E3-87E0-635827CAD72C}.Release|Any CPU.ActiveCfg = Release|Any CPU
		{A7056B49-3B08-45E3-87E0-635827CAD72C}.Release|Any CPU.Build.0 = Release|Any CPU
	EndGlobalSection
	GlobalSection(SolutionProperties) = preSolution
		HideSolutionNode = FALSE
	EndGlobalSection
	GlobalSection(ExtensibilityGlobals) = postSolution
		SolutionGuid = {8DDEA5B5-A654-425E-9411-578595B58DB4}
	EndGlobalSection
EndGlobal
